
Microsoft Visual Studio Solution File, Format Version 12.00
# Visual Studio Version 16
VisualStudioVersion = 16.0.29123.88
MinimumVisualStudioVersion = 10.0.40219.1
Project("{FAE04EC0-301F-11D3-BF4B-00C04F79EFBC}") = "InlineHtmlHelpers", "InlineHtmlHelpers\InlineHtmlHelpers.csproj", "{A5ADA7C3-8E6C-4BC3-9B06-37DE5F4A990A}"
EndProject
Global
	GlobalSection(SolutionConfigurationPlatforms) = preSolution
		Debug|Any CPU = Debug|Any CPU
		Release|Any CPU = Release|Any CPU
	EndGlobalSection
	GlobalSection(ProjectConfigurationPlatforms) = postSolution
		{A5ADA7C3-8E6C-4BC3-9B06-37DE5F4A990A}.Debug|Any CPU.ActiveCfg = Debug|Any CPU
		{A5ADA7C3-8E6C-4BC3-9B06-37DE5F4A990A}.Debug|Any CPU.Build.0 = Debug|Any CPU
		{A5ADA7C3-8E6C-4BC3-9B06-37DE5F4A990A}.Release|Any CPU.ActiveCfg = Release|Any CPU
		{A5ADA7C3-8E6C-4BC3-9B06-37DE5F4A990A}.Release|Any CPU.Build.0 = Release|Any CPU
	EndGlobalSection
	GlobalSection(SolutionProperties) = preSolution
		HideSolutionNode = FALSE
	EndGlobalSection
	GlobalSection(ExtensibilityGlobals) = postSolution
		SolutionGuid = {25004CBE-535F-45E2-897D-5BC5BA83EDB5}
	EndGlobalSection
EndGlobal
